{
    "name": "curso-cypress",
    "version": "1.0.0",
    "lockfileVersion": 1,
    "requires": true,
    "dependencies": {
        "-": {
            "version": "0.0.1",
            "resolved": "https://registry.npmjs.org/-/-/--0.0.1.tgz",
            "integrity": "sha512-3HfneK3DGAm05fpyj20sT3apkNcvPpCuccOThOPdzz8sY7GgQGe0l93XH9bt+YzibcTIgUAIMoyVJI740RtgyQ=="
        },
        "@types/lodash": {
            "version": "4.14.169",
            "resolved": "https://registry.npmjs.org/@types/lodash/-/lodash-4.14.169.tgz",
            "integrity": "sha512-DvmZHoHTFJ8zhVYwCLWbQ7uAbYQEk52Ev2/ZiQ7Y7gQGeV9pjBqjnQpECMHfKS1rCYAhMI7LHVxwyZLZinJgdw=="
        },
        "cypress-xpath": {
            "version": "1.6.2",
            "resolved": "https://registry.npmjs.org/cypress-xpath/-/cypress-xpath-1.6.2.tgz",
            "integrity": "sha512-mtwJPl840GQPGtb480fKR5vDIcijBHhAVwby5/AIPIT/UVT7UJhM2L42/R+venR7N01I0PoOJErb6UiMbCyUxg=="
        }
    }
}
